
Microsoft Visual Studio Solution File, Format Version 12.00
# Visual Studio Version 16
VisualStudioVersion = 16.0.31129.286
MinimumVisualStudioVersion = 10.0.40219.1
Project("{FAE04EC0-301F-11D3-BF4B-00C04F79EFBC}") = "Service", "Service\Service.csproj", "{05B0F23D-E5CB-45CF-B617-A959583892C7}"
EndProject
Project("{FAE04EC0-301F-11D3-BF4B-00C04F79EFBC}") = "API", "API\API.csproj", "{8ED56597-7C21-4D6A-919B-B0E8B9768324}"
EndProject
Project("{FAE04EC0-301F-11D3-BF4B-00C04F79EFBC}") = "Data", "Data\Data.csproj", "{C06A50B1-5B35-47E9-A94C-F3A8A59E789D}"
EndProject
Global
	GlobalSection(SolutionConfigurationPlatforms) = preSolution
		Debug|Any CPU = Debug|Any CPU
		Release|Any CPU = Release|Any CPU
	EndGlobalSection
	GlobalSection(ProjectConfigurationPlatforms) = postSolution
		{05B0F23D-E5CB-45CF-B617-A959583892C7}.Debug|Any CPU.ActiveCfg = Debug|Any CPU
		{05B0F23D-E5CB-45CF-B617-A959583892C7}.Debug|Any CPU.Build.0 = Debug|Any CPU
		{05B0F23D-E5CB-45CF-B617-A959583892C7}.Release|Any CPU.ActiveCfg = Release|Any CPU
		{05B0F23D-E5CB-45CF-B617-A959583892C7}.Release|Any CPU.Build.0 = Release|Any CPU
		{8ED56597-7C21-4D6A-919B-B0E8B9768324}.Debug|Any CPU.ActiveCfg = Debug|Any CPU
		{8ED56597-7C21-4D6A-919B-B0E8B9768324}.Debug|Any CPU.Build.0 = Debug|Any CPU
		{8ED56597-7C21-4D6A-919B-B0E8B9768324}.Release|Any CPU.ActiveCfg = Release|Any CPU
		{8ED56597-7C21-4D6A-919B-B0E8B9768324}.Release|Any CPU.Build.0 = Release|Any CPU
		{C06A50B1-5B35-47E9-A94C-F3A8A59E789D}.Debug|Any CPU.ActiveCfg = Debug|Any CPU
		{C06A50B1-5B35-47E9-A94C-F3A8A59E789D}.Debug|Any CPU.Build.0 = Debug|Any CPU
		{C06A50B1-5B35-47E9-A94C-F3A8A59E789D}.Release|Any CPU.ActiveCfg = Release|Any CPU
		{C06A50B1-5B35-47E9-A94C-F3A8A59E789D}.Release|Any CPU.Build.0 = Release|Any CPU
	EndGlobalSection
	GlobalSection(SolutionProperties) = preSolution
		HideSolutionNode = FALSE
	EndGlobalSection
	GlobalSection(ExtensibilityGlobals) = postSolution
		SolutionGuid = {2B1A514D-D39C-4DE5-AAAB-FF5098BE3A0C}
	EndGlobalSection
EndGlobal
